
Microsoft Visual Studio Solution File, Format Version 12.00
# Visual Studio Version 17
VisualStudioVersion = 17.13.35931.197 d17.13
MinimumVisualStudioVersion = 10.0.40219.1
Project("{FAE04EC0-301F-11D3-BF4B-00C04F79EFBC}") = "TrainingSolution1", "TrainingSolution1.csproj", "{E0DD12D5-389F-4F9F-8A26-431C228767E9}"
EndProject
Global
	GlobalSection(SolutionConfigurationPlatforms) = preSolution
		Debug|Any CPU = Debug|Any CPU
		Release|Any CPU = Release|Any CPU
	EndGlobalSection
	GlobalSection(ProjectConfigurationPlatforms) = postSolution
		{E0DD12D5-389F-4F9F-8A26-431C228767E9}.Debug|Any CPU.ActiveCfg = Debug|Any CPU
		{E0DD12D5-389F-4F9F-8A26-431C228767E9}.Debug|Any CPU.Build.0 = Debug|Any CPU
		{E0DD12D5-389F-4F9F-8A26-431C228767E9}.Release|Any CPU.ActiveCfg = Release|Any CPU
		{E0DD12D5-389F-4F9F-8A26-431C228767E9}.Release|Any CPU.Build.0 = Release|Any CPU
	EndGlobalSection
	GlobalSection(SolutionProperties) = preSolution
		HideSolutionNode = FALSE
	EndGlobalSection
	GlobalSection(ExtensibilityGlobals) = postSolution
		SolutionGuid = {39A61C07-3744-40C1-8DAE-8970B56C0095}
	EndGlobalSection
EndGlobal
